# This file is autogenerated, do not edit; changes may be undone by the next 'dep ensure'.


[[projects]]
  digest = "1:5cdf9bd97517fd37df6811c894320be6def56dfd566bc332720280176e89ff9b"
  name = "github.com/gruntwork-io/terratest"
  packages = ["modules/logger"]
  pruneopts = "UT"
  revision = "6a82807fa2900b2ce0bc095c4a0db02fc4f40703"
  version = "v0.25.2"

[solve-meta]
  analyzer-name = "dep"
  analyzer-version = 1
  input-imports = ["github.com/gruntwork-io/terratest/modules/logger"]
  solver-name = "gps-cdcl"
  solver-version = 1
